
Microsoft Visual Studio Solution File, Format Version 12.00
# Visual Studio Version 17
VisualStudioVersion = 17.2.32526.322
MinimumVisualStudioVersion = 10.0.40219.1
Project("{FAE04EC0-301F-11D3-BF4B-00C04F79EFBC}") = "WebApplication2", "WebApplication2\WebApplication2.csproj", "{E4330410-7BA1-4B95-81D0-3FE8C753BD2B}"
EndProject
Global
	GlobalSection(SolutionConfigurationPlatforms) = preSolution
		Debug|Any CPU = Debug|Any CPU
		Release|Any CPU = Release|Any CPU
	EndGlobalSection
	GlobalSection(ProjectConfigurationPlatforms) = postSolution
		{E4330410-7BA1-4B95-81D0-3FE8C753BD2B}.Debug|Any CPU.ActiveCfg = Debug|Any CPU
		{E4330410-7BA1-4B95-81D0-3FE8C753BD2B}.Debug|Any CPU.Build.0 = Debug|Any CPU
		{E4330410-7BA1-4B95-81D0-3FE8C753BD2B}.Release|Any CPU.ActiveCfg = Release|Any CPU
		{E4330410-7BA1-4B95-81D0-3FE8C753BD2B}.Release|Any CPU.Build.0 = Release|Any CPU
	EndGlobalSection
	GlobalSection(SolutionProperties) = preSolution
		HideSolutionNode = FALSE
	EndGlobalSection
	GlobalSection(ExtensibilityGlobals) = postSolution
		SolutionGuid = {3B90ACE8-A5DD-4483-85E2-0F002E144469}
	EndGlobalSection
EndGlobal
